
Microsoft Visual Studio Solution File, Format Version 12.00
# Visual Studio 15
VisualStudioVersion = 15.0.28307.572
MinimumVisualStudioVersion = 10.0.40219.1
Project("{9A19103F-16F7-4668-BE54-9A1E7A4F7556}") = "Mabahes", "Mabahes\Mabahes.csproj", "{283013A8-FB25-4153-9DC3-D08641A08BCF}"
EndProject
Project("{FAE04EC0-301F-11D3-BF4B-00C04F79EFBC}") = "FileUploaderMVC", "FileUploaderMVC\FileUploaderMVC.csproj", "{E90291EE-426C-46FC-8013-A0FC621A7002}"
EndProject
Global
	GlobalSection(SolutionConfigurationPlatforms) = preSolution
		Debug|Any CPU = Debug|Any CPU
		Release|Any CPU = Release|Any CPU
	EndGlobalSection
	GlobalSection(ProjectConfigurationPlatforms) = postSolution
		{283013A8-FB25-4153-9DC3-D08641A08BCF}.Debug|Any CPU.ActiveCfg = Debug|Any CPU
		{283013A8-FB25-4153-9DC3-D08641A08BCF}.Debug|Any CPU.Build.0 = Debug|Any CPU
		{283013A8-FB25-4153-9DC3-D08641A08BCF}.Release|Any CPU.ActiveCfg = Release|Any CPU
		{283013A8-FB25-4153-9DC3-D08641A08BCF}.Release|Any CPU.Build.0 = Release|Any CPU
		{E90291EE-426C-46FC-8013-A0FC621A7002}.Debug|Any CPU.ActiveCfg = Debug|Any CPU
		{E90291EE-426C-46FC-8013-A0FC621A7002}.Debug|Any CPU.Build.0 = Debug|Any CPU
		{E90291EE-426C-46FC-8013-A0FC621A7002}.Release|Any CPU.ActiveCfg = Release|Any CPU
		{E90291EE-426C-46FC-8013-A0FC621A7002}.Release|Any CPU.Build.0 = Release|Any CPU
	EndGlobalSection
	GlobalSection(SolutionProperties) = preSolution
		HideSolutionNode = FALSE
	EndGlobalSection
	GlobalSection(ExtensibilityGlobals) = postSolution
		SolutionGuid = {219144E8-2357-402A-9DC3-7642B0162402}
	EndGlobalSection
EndGlobal
